
Microsoft Visual Studio Solution File, Format Version 12.00
# Visual Studio Version 17
VisualStudioVersion = 17.10.34916.146
MinimumVisualStudioVersion = 10.0.40219.1
Project("{2150E333-8FDC-42A3-9474-1A3956D46DE8}") = "Services", "Services", "{D1080159-E324-4B46-93E1-4B2455F4E75A}"
EndProject
Project("{2150E333-8FDC-42A3-9474-1A3956D46DE8}") = "Catalog", "Catalog", "{CD90E453-4DEC-410F-9534-57726E1C5C1E}"
EndProject
Project("{9A19103F-16F7-4668-BE54-9A1E7A4F7556}") = "MultiShop.Catalog", "Services\Catalog\MultiShop.Catalog\MultiShop.Catalog.csproj", "{DAA66897-D0DA-4036-8EDF-95C37ACDA227}"
EndProject
Project("{2150E333-8FDC-42A3-9474-1A3956D46DE8}") = "Discount", "Discount", "{327FA175-D6D9-41D6-8AFF-91D0AF4461C9}"
EndProject
Global
	GlobalSection(SolutionConfigurationPlatforms) = preSolution
		Debug|Any CPU = Debug|Any CPU
		Release|Any CPU = Release|Any CPU
	EndGlobalSection
	GlobalSection(ProjectConfigurationPlatforms) = postSolution
		{DAA66897-D0DA-4036-8EDF-95C37ACDA227}.Debug|Any CPU.ActiveCfg = Debug|Any CPU
		{DAA66897-D0DA-4036-8EDF-95C37ACDA227}.Debug|Any CPU.Build.0 = Debug|Any CPU
		{DAA66897-D0DA-4036-8EDF-95C37ACDA227}.Release|Any CPU.ActiveCfg = Release|Any CPU
		{DAA66897-D0DA-4036-8EDF-95C37ACDA227}.Release|Any CPU.Build.0 = Release|Any CPU
	EndGlobalSection
	GlobalSection(SolutionProperties) = preSolution
		HideSolutionNode = FALSE
	EndGlobalSection
	GlobalSection(NestedProjects) = preSolution
		{CD90E453-4DEC-410F-9534-57726E1C5C1E} = {D1080159-E324-4B46-93E1-4B2455F4E75A}
		{DAA66897-D0DA-4036-8EDF-95C37ACDA227} = {CD90E453-4DEC-410F-9534-57726E1C5C1E}
		{327FA175-D6D9-41D6-8AFF-91D0AF4461C9} = {D1080159-E324-4B46-93E1-4B2455F4E75A}
	EndGlobalSection
	GlobalSection(ExtensibilityGlobals) = postSolution
		SolutionGuid = {A29E571C-BF98-4654-8A5C-8C297FC43B60}
	EndGlobalSection
EndGlobal
